Microsoft Visual Studio Solution File, Format Version 12.00
# Visual Studio 14
VisualStudioVersion = 14.0.25123.0
MinimumVisualStudioVersion = 10.0.40219.1
Project("{FAE04EC0-301F-11D3-BF4B-00C04F79EFBC}") = "calendar", "calendar\calendar.csproj", "{23B2F40F-3BDB-4D0B-BB63-14E063DDA0D4}"
EndProject
Project("{FAE04EC0-301F-11D3-BF4B-00C04F79EFBC}") = "calendar.iOS", "iOS\calendar.iOS.csproj", "{E5691EAC-DAEA-4E05-8C23-DF310C3389F7}"
EndProject
Project("{FAE04EC0-301F-11D3-BF4B-00C04F79EFBC}") = "calendar.Droid", "Droid\calendar.Droid.csproj", "{9B3219E3-EFFF-43DF-ADAA-1351018A2ECB}"
EndProject
Project("{FAE04EC0-301F-11D3-BF4B-00C04F79EFBC}") = "calendar.WinPhone", "calendar.WinPhone\calendar.WinPhone.csproj", "{E9022067-9A3B-4CCA-A610-A1C8070CEC0E}"
EndProject
Global
	GlobalSection(SolutionConfigurationPlatforms) = preSolution
		Debug|Any CPU = Debug|Any CPU
		Debug|ARM = Debug|ARM
		Debug|iPhone = Debug|iPhone
		Debug|iPhoneSimulator = Debug|iPhoneSimulator
		Debug|x86 = Debug|x86
		Release|Any CPU = Release|Any CPU
		Release|ARM = Release|ARM
		Release|iPhone = Release|iPhone
		Release|iPhoneSimulator = Release|iPhoneSimulator
		Release|x86 = Release|x86
	EndGlobalSection
	GlobalSection(ProjectConfigurationPlatforms) = postSolution
		{23B2F40F-3BDB-4D0B-BB63-14E063DDA0D4}.Debug|Any CPU.ActiveCfg = Debug|Any CPU
		{23B2F40F-3BDB-4D0B-BB63-14E063DDA0D4}.Debug|Any CPU.Build.0 = Debug|Any CPU
		{23B2F40F-3BDB-4D0B-BB63-14E063DDA0D4}.Debug|ARM.ActiveCfg = Debug|Any CPU
		{23B2F40F-3BDB-4D0B-BB63-14E063DDA0D4}.Debug|ARM.Build.0 = Debug|Any CPU
		{23B2F40F-3BDB-4D0B-BB63-14E063DDA0D4}.Debug|iPhone.ActiveCfg = Debug|Any CPU
		{23B2F40F-3BDB-4D0B-BB63-14E063DDA0D4}.Debug|iPhone.Build.0 = Debug|Any CPU
		{23B2F40F-3BDB-4D0B-BB63-14E063DDA0D4}.Debug|iPhoneSimulator.ActiveCfg = Debug|Any CPU
		{23B2F40F-3BDB-4D0B-BB63-14E063DDA0D4}.Debug|iPhoneSimulator.Build.0 = Debug|Any CPU
		{23B2F40F-3BDB-4D0B-BB63-14E063DDA0D4}.Debug|x86.ActiveCfg = Debug|Any CPU
		{23B2F40F-3BDB-4D0B-BB63-14E063DDA0D4}.Debug|x86.Build.0 = Debug|Any CPU
		{23B2F40F-3BDB-4D0B-BB63-14E063DDA0D4}.Release|Any CPU.ActiveCfg = Release|Any CPU
		{23B2F40F-3BDB-4D0B-BB63-14E063DDA0D4}.Release|Any CPU.Build.0 = Release|Any CPU
		{23B2F40F-3BDB-4D0B-BB63-14E063DDA0D4}.Release|ARM.ActiveCfg = Release|Any CPU
		{23B2F40F-3BDB-4D0B-BB63-14E063DDA0D4}.Release|ARM.Build.0 = Release|Any CPU
		{23B2F40F-3BDB-4D0B-BB63-14E063DDA0D4}.Release|iPhone.ActiveCfg = Release|Any CPU
		{23B2F40F-3BDB-4D0B-BB63-14E063DDA0D4}.Release|iPhone.Build.0 = Release|Any CPU
		{23B2F40F-3BDB-4D0B-BB63-14E063DDA0D4}.Release|iPhoneSimulator.ActiveCfg = Release|Any CPU
		{23B2F40F-3BDB-4D0B-BB63-14E063DDA0D4}.Release|iPhoneSimulator.Build.0 = Release|Any CPU
		{23B2F40F-3BDB-4D0B-BB63-14E063DDA0D4}.Release|x86.ActiveCfg = Release|Any CPU
		{23B2F40F-3BDB-4D0B-BB63-14E063DDA0D4}.Release|x86.Build.0 = Release|Any CPU
		{E5691EAC-DAEA-4E05-8C23-DF310C3389F7}.Debug|Any CPU.ActiveCfg = Debug|iPhoneSimulator
		{E5691EAC-DAEA-4E05-8C23-DF310C3389F7}.Debug|Any CPU.Build.0 = Debug|iPhoneSimulator
		{E5691EAC-DAEA-4E05-8C23-DF310C3389F7}.Debug|ARM.ActiveCfg = Debug|iPhone
		{E5691EAC-DAEA-4E05-8C23-DF310C3389F7}.Debug|iPhone.ActiveCfg = Debug|iPhone
		{E5691EAC-DAEA-4E05-8C23-DF310C3389F7}.Debug|iPhone.Build.0 = Debug|iPhone
		{E5691EAC-DAEA-4E05-8C23-DF310C3389F7}.Debug|iPhoneSimulator.ActiveCfg = Debug|iPhoneSimulator
		{E5691EAC-DAEA-4E05-8C23-DF310C3389F7}.Debug|iPhoneSimulator.Build.0 = Debug|iPhoneSimulator
		{E5691EAC-DAEA-4E05-8C23-DF310C3389F7}.Debug|x86.ActiveCfg = Debug|iPhone
		{E5691EAC-DAEA-4E05-8C23-DF310C3389F7}.Release|Any CPU.ActiveCfg = Release|iPhone
		{E5691EAC-DAEA-4E05-8C23-DF310C3389F7}.Release|Any CPU.Build.0 = Release|iPhone
		{E5691EAC-DAEA-4E05-8C23-DF310C3389F7}.Release|ARM.ActiveCfg = Release|iPhoneSimulator
		{E5691EAC-DAEA-4E05-8C23-DF310C3389F7}.Release|iPhone.ActiveCfg = Release|iPhone
		{E5691EAC-DAEA-4E05-8C23-DF310C3389F7}.Release|iPhone.Build.0 = Release|iPhone
		{E5691EAC-DAEA-4E05-8C23-DF310C3389F7}.Release|iPhoneSimulator.ActiveCfg = Release|iPhoneSimulator
		{E5691EAC-DAEA-4E05-8C23-DF310C3389F7}.Release|iPhoneSimulator.Build.0 = Release|iPhoneSimulator
		{E5691EAC-DAEA-4E05-8C23-DF310C3389F7}.Release|x86.ActiveCfg = Release|iPhoneSimulator
		{9B3219E3-EFFF-43DF-ADAA-1351018A2ECB}.Debug|Any CPU.ActiveCfg = Debug|Any CPU
		{9B3219E3-EFFF-43DF-ADAA-1351018A2ECB}.Debug|Any CPU.Build.0 = Debug|Any CPU
		{9B3219E3-EFFF-43DF-ADAA-1351018A2ECB}.Debug|ARM.ActiveCfg = Debug|Any CPU
		{9B3219E3-EFFF-43DF-ADAA-1351018A2ECB}.Debug|ARM.Build.0 = Debug|Any CPU
		{9B3219E3-EFFF-43DF-ADAA-1351018A2ECB}.Debug|ARM.Deploy.0 = Debug|Any CPU
		{9B3219E3-EFFF-43DF-ADAA-1351018A2ECB}.Debug|iPhone.ActiveCfg = Debug|Any CPU
		{9B3219E3-EFFF-43DF-ADAA-1351018A2ECB}.Debug|iPhone.Build.0 = Debug|Any CPU
		{9B3219E3-EFFF-43DF-ADAA-1351018A2ECB}.Debug|iPhoneSimulator.ActiveCfg = Debug|Any CPU
		{9B3219E3-EFFF-43DF-ADAA-1351018A2ECB}.Debug|iPhoneSimulator.Build.0 = Debug|Any CPU
		{9B3219E3-EFFF-43DF-ADAA-1351018A2ECB}.Debug|x86.ActiveCfg = Debug|Any CPU
		{9B3219E3-EFFF-43DF-ADAA-1351018A2ECB}.Debug|x86.Build.0 = Debug|Any CPU
		{9B3219E3-EFFF-43DF-ADAA-1351018A2ECB}.Debug|x86.Deploy.0 = Debug|Any CPU
		{9B3219E3-EFFF-43DF-ADAA-1351018A2ECB}.Release|Any CPU.ActiveCfg = Release|Any CPU
		{9B3219E3-EFFF-43DF-ADAA-1351018A2ECB}.Release|Any CPU.Build.0 = Release|Any CPU
		{9B3219E3-EFFF-43DF-ADAA-1351018A2ECB}.Release|ARM.ActiveCfg = Release|Any CPU
		{9B3219E3-EFFF-43DF-ADAA-1351018A2ECB}.Release|ARM.Build.0 = Release|Any CPU
		{9B3219E3-EFFF-43DF-ADAA-1351018A2ECB}.Release|ARM.Deploy.0 = Release|Any CPU
		{9B3219E3-EFFF-43DF-ADAA-1351018A2ECB}.Release|iPhone.ActiveCfg = Release|Any CPU
		{9B3219E3-EFFF-43DF-ADAA-1351018A2ECB}.Release|iPhone.Build.0 = Release|Any CPU
		{9B3219E3-EFFF-43DF-ADAA-1351018A2ECB}.Release|iPhoneSimulator.ActiveCfg = Release|Any CPU
		{9B3219E3-EFFF-43DF-ADAA-1351018A2ECB}.Release|iPhoneSimulator.Build.0 = Release|Any CPU
		{9B3219E3-EFFF-43DF-ADAA-1351018A2ECB}.Release|x86.ActiveCfg = Release|Any CPU
		{9B3219E3-EFFF-43DF-ADAA-1351018A2ECB}.Release|x86.Build.0 = Release|Any CPU
		{9B3219E3-EFFF-43DF-ADAA-1351018A2ECB}.Release|x86.Deploy.0 = Release|Any CPU
		{E9022067-9A3B-4CCA-A610-A1C8070CEC0E}.Debug|Any CPU.ActiveCfg = Debug|Any CPU
		{E9022067-9A3B-4CCA-A610-A1C8070CEC0E}.Debug|Any CPU.Build.0 = Debug|Any CPU
		{E9022067-9A3B-4CCA-A610-A1C8070CEC0E}.Debug|Any CPU.Deploy.0 = Debug|Any CPU
		{E9022067-9A3B-4CCA-A610-A1C8070CEC0E}.Debug|ARM.ActiveCfg = Debug|ARM
		{E9022067-9A3B-4CCA-A610-A1C8070CEC0E}.Debug|ARM.Build.0 = Debug|ARM
		{E9022067-9A3B-4CCA-A610-A1C8070CEC0E}.Debug|ARM.Deploy.0 = Debug|ARM
		{E9022067-9A3B-4CCA-A610-A1C8070CEC0E}.Debug|iPhone.ActiveCfg = Debug|Any CPU
		{E9022067-9A3B-4CCA-A610-A1C8070CEC0E}.Debug|iPhone.Build.0 = Debug|Any CPU
		{E9022067-9A3B-4CCA-A610-A1C8070CEC0E}.Debug|iPhone.Deploy.0 = Debug|Any CPU
		{E9022067-9A3B-4CCA-A610-A1C8070CEC0E}.Debug|iPhoneSimulator.ActiveCfg = Debug|Any CPU
		{E9022067-9A3B-4CCA-A610-A1C8070CEC0E}.Debug|iPhoneSimulator.Build.0 = Debug|Any CPU
		{E9022067-9A3B-4CCA-A610-A1C8070CEC0E}.Debug|iPhoneSimulator.Deploy.0 = Debug|Any CPU
		{E9022067-9A3B-4CCA-A610-A1C8070CEC0E}.Debug|x86.ActiveCfg = Debug|x86
		{E9022067-9A3B-4CCA-A610-A1C8070CEC0E}.Debug|x86.Build.0 = Debug|x86
		{E9022067-9A3B-4CCA-A610-A1C8070CEC0E}.Debug|x86.Deploy.0 = Debug|x86
		{E9022067-9A3B-4CCA-A610-A1C8070CEC0E}.Release|Any CPU.ActiveCfg = Release|Any CPU
		{E9022067-9A3B-4CCA-A610-A1C8070CEC0E}.Release|Any CPU.Build.0 = Release|Any CPU
		{E9022067-9A3B-4CCA-A610-A1C8070CEC0E}.Release|Any CPU.Deploy.0 = Release|Any CPU
		{E9022067-9A3B-4CCA-A610-A1C8070CEC0E}.Release|ARM.ActiveCfg = Release|ARM
		{E9022067-9A3B-4CCA-A610-A1C8070CEC0E}.Release|ARM.Build.0 = Release|ARM
		{E9022067-9A3B-4CCA-A610-A1C8070CEC0E}.Release|ARM.Deploy.0 = Release|ARM
		{E9022067-9A3B-4CCA-A610-A1C8070CEC0E}.Release|iPhone.ActiveCfg = Release|Any CPU
		{E9022067-9A3B-4CCA-A610-A1C8070CEC0E}.Release|iPhone.Build.0 = Release|Any CPU
		{E9022067-9A3B-4CCA-A610-A1C8070CEC0E}.Release|iPhone.Deploy.0 = Release|Any CPU
		{E9022067-9A3B-4CCA-A610-A1C8070CEC0E}.Release|iPhoneSimulator.ActiveCfg = Release|Any CPU
		{E9022067-9A3B-4CCA-A610-A1C8070CEC0E}.Release|iPhoneSimulator.Build.0 = Release|Any CPU
		{E9022067-9A3B-4CCA-A610-A1C8070CEC0E}.Release|iPhoneSimulator.Deploy.0 = Release|Any CPU
		{E9022067-9A3B-4CCA-A610-A1C8070CEC0E}.Release|x86.ActiveCfg = Release|x86
		{E9022067-9A3B-4CCA-A610-A1C8070CEC0E}.Release|x86.Build.0 = Release|x86
		{E9022067-9A3B-4CCA-A610-A1C8070CEC0E}.Release|x86.Deploy.0 = Release|x86
	EndGlobalSection
	GlobalSection(SolutionProperties) = preSolution
		HideSolutionNode = FALSE
	EndGlobalSection
EndGlobal
